
Microsoft Visual Studio Solution File, Format Version 12.00
# Visual Studio Version 17
VisualStudioVersion = 17.11.35303.130
MinimumVisualStudioVersion = 10.0.40219.1
Project("{9A19103F-16F7-4668-BE54-9A1E7A4F7556}") = "Master Chef Restaurant", "Master Chef Restaurant\Master Chef Restaurant.csproj", "{A873325D-283E-48AC-B401-264A3AED5AC5}"
EndProject
Project("{9A19103F-16F7-4668-BE54-9A1E7A4F7556}") = "Master-Chef-Restaurant.Entities", "Master-Chef-Restaurant.Entities\Master-Chef-Restaurant.Entities.csproj", "{9FB38320-F509-4E28-A107-1F6335393198}"
EndProject
Project("{FAE04EC0-301F-11D3-BF4B-00C04F79EFBC}") = "Master-Chef-Restaurant.Utils", "Master-Chef-Restaurant.Utils\Master-Chef-Restaurant.Utils.csproj", "{EB536E26-BC94-4012-805D-B1C43B6E27E4}"
EndProject
Global
	GlobalSection(SolutionConfigurationPlatforms) = preSolution
		Debug|Any CPU = Debug|Any CPU
		Release|Any CPU = Release|Any CPU
	EndGlobalSection
	GlobalSection(ProjectConfigurationPlatforms) = postSolution
		{A873325D-283E-48AC-B401-264A3AED5AC5}.Debug|Any CPU.ActiveCfg = Debug|Any CPU
		{A873325D-283E-48AC-B401-264A3AED5AC5}.Debug|Any CPU.Build.0 = Debug|Any CPU
		{A873325D-283E-48AC-B401-264A3AED5AC5}.Release|Any CPU.ActiveCfg = Release|Any CPU
		{A873325D-283E-48AC-B401-264A3AED5AC5}.Release|Any CPU.Build.0 = Release|Any CPU
		{9FB38320-F509-4E28-A107-1F6335393198}.Debug|Any CPU.ActiveCfg = Debug|Any CPU
		{9FB38320-F509-4E28-A107-1F6335393198}.Debug|Any CPU.Build.0 = Debug|Any CPU
		{9FB38320-F509-4E28-A107-1F6335393198}.Release|Any CPU.ActiveCfg = Release|Any CPU
		{9FB38320-F509-4E28-A107-1F6335393198}.Release|Any CPU.Build.0 = Release|Any CPU
		{EB536E26-BC94-4012-805D-B1C43B6E27E4}.Debug|Any CPU.ActiveCfg = Debug|Any CPU
		{EB536E26-BC94-4012-805D-B1C43B6E27E4}.Debug|Any CPU.Build.0 = Debug|Any CPU
		{EB536E26-BC94-4012-805D-B1C43B6E27E4}.Release|Any CPU.ActiveCfg = Release|Any CPU
		{EB536E26-BC94-4012-805D-B1C43B6E27E4}.Release|Any CPU.Build.0 = Release|Any CPU
	EndGlobalSection
	GlobalSection(SolutionProperties) = preSolution
		HideSolutionNode = FALSE
	EndGlobalSection
	GlobalSection(ExtensibilityGlobals) = postSolution
		SolutionGuid = {E9C4729A-B183-4CB9-930B-59191DC664A9}
	EndGlobalSection
EndGlobal
